
Microsoft Visual Studio Solution File, Format Version 12.00
# Visual Studio 15
VisualStudioVersion = 15.0.28307.168
MinimumVisualStudioVersion = 10.0.40219.1
Project("{2150E333-8FDC-42A3-9474-1A3956D46DE8}") = "Sketches", "Sketches", "{2FDB85E4-C0A9-4B21-85F2-B7D8BAF4652A}"
	ProjectSection(SolutionItems) = preProject
		Sketches\index.html = Sketches\index.html
		Sketches\index.old.html = Sketches\index.old.html
		Sketches\site.css = Sketches\site.css
		Sketches\site.old.css = Sketches\site.old.css
	EndProjectSection
EndProject
Project("{FAE04EC0-301F-11D3-BF4B-00C04F79EFBC}") = "Web", "Web\Web.csproj", "{09E94257-B485-4A7F-9D82-C54991349CCB}"
EndProject
Global
	GlobalSection(SolutionConfigurationPlatforms) = preSolution
		Debug|Any CPU = Debug|Any CPU
		Release|Any CPU = Release|Any CPU
	EndGlobalSection
	GlobalSection(ProjectConfigurationPlatforms) = postSolution
		{09E94257-B485-4A7F-9D82-C54991349CCB}.Debug|Any CPU.ActiveCfg = Debug|Any CPU
		{09E94257-B485-4A7F-9D82-C54991349CCB}.Debug|Any CPU.Build.0 = Debug|Any CPU
		{09E94257-B485-4A7F-9D82-C54991349CCB}.Release|Any CPU.ActiveCfg = Release|Any CPU
		{09E94257-B485-4A7F-9D82-C54991349CCB}.Release|Any CPU.Build.0 = Release|Any CPU
	EndGlobalSection
	GlobalSection(SolutionProperties) = preSolution
		HideSolutionNode = FALSE
	EndGlobalSection
	GlobalSection(ExtensibilityGlobals) = postSolution
		SolutionGuid = {FF62A99F-9FFB-45C9-9A9D-B7B1FF3DDAF3}
	EndGlobalSection
EndGlobal
